# This file is automatically @generated by pesde.
# It is not intended for manual editing.
format = 2
name = "1axen/blink"
version = "0.1.0"
target = "luau"

[graph."4x8matrix/cli_builder@0.1.0-dev.1 luau"]
direct = ["cli_builder", { name = "4x8matrix/cli_builder", version = "^0.1.0-dev.1", index = "default" }, "dev"]

[graph."4x8matrix/cli_builder@0.1.0-dev.1 luau".pkg_ref]
ref_ty = "pesde"
index_url = "https://github.com/pesde-pkg/index"

[graph."4x8matrix/cli_builder@0.1.0-dev.1 luau".pkg_ref.dependencies]
frktest = [{ name = "itsfrank/frktest", version = "^0.0.2", index = "https://github.com/pesde-pkg/index", target = "lune" }, "dev"]
